// !$*UTF8*$!
{
	archiveVersion = 1;
	classes = {
	};
	objectVersion = 51;
	objects = {

/* Begin PBXBuildFile section */
		751BC59470830AE9C6DAB79B /* Pods_Connect.framework in Frameworks */ = {isa = PBXBuildFile; fileRef = 59A6E26C08F5D019575FC5D3 /* Pods_Connect.framework */; };
		9253D52B260655100076491E /* LocationLayer.swift in Sources */ = {isa = PBXBuildFile; fileRef = 9253D52A260655100076491E /* LocationLayer.swift */; };
		9253D52E2606690C0076491E /* EventRequest.swift in Sources */ = {isa = PBXBuildFile; fileRef = 9253D52D2606690C0076491E /* EventRequest.swift */; };
		9253D53B260672A60076491E /* Date.swift in Sources */ = {isa = PBXBuildFile; fileRef = 9253D53A260672A60076491E /* Date.swift */; };
		92AE6FAA2606158A003677E2 /* SectionLayout.swift in Sources */ = {isa = PBXBuildFile; fileRef = 92AE6FA92606158A003677E2 /* SectionLayout.swift */; };
		92AE6FB026061A67003677E2 /* UpcomingEventCell.xib in Resources */ = {isa = PBXBuildFile; fileRef = 92AE6FAF26061A67003677E2 /* UpcomingEventCell.xib */; };
		92AE6FB526061BA7003677E2 /* NearbyEventCell.xib in Resources */ = {isa = PBXBuildFile; fileRef = 92AE6FB426061BA7003677E2 /* NearbyEventCell.xib */; };
		92AE6FB926061D6B003677E2 /* EventCell.swift in Sources */ = {isa = PBXBuildFile; fileRef = 92AE6FB826061D6B003677E2 /* EventCell.swift */; };
		92D15F7726060C6C006A1A0A /* AppDelegate.swift in Sources */ = {isa = PBXBuildFile; fileRef = 92D15F7626060C6C006A1A0A /* AppDelegate.swift */; };
		92D15F7926060C6C006A1A0A /* SceneDelegate.swift in Sources */ = {isa = PBXBuildFile; fileRef = 92D15F7826060C6C006A1A0A /* SceneDelegate.swift */; };
		92D15F7B26060C6C006A1A0A /* ViewController.swift in Sources */ = {isa = PBXBuildFile; fileRef = 92D15F7A26060C6C006A1A0A /* ViewController.swift */; };
		92D15F7E26060C6C006A1A0A /* Main.storyboard in Resources */ = {isa = PBXBuildFile; fileRef = 92D15F7C26060C6C006A1A0A /* Main.storyboard */; };
		92D15F8026060C70006A1A0A /* Assets.xcassets in Resources */ = {isa = PBXBuildFile; fileRef = 92D15F7F26060C70006A1A0A /* Assets.xcassets */; };
		92D15F8326060C70006A1A0A /* LaunchScreen.storyboard in Resources */ = {isa = PBXBuildFile; fileRef = 92D15F8126060C70006A1A0A /* LaunchScreen.storyboard */; };
		92D15F98260611CD006A1A0A /* EventListCollectionViewController.swift in Sources */ = {isa = PBXBuildFile; fileRef = 92D15F97260611CD006A1A0A /* EventListCollectionViewController.swift */; };
		92D15F9E26061214006A1A0A /* EventListPresenter.swift in Sources */ = {isa = PBXBuildFile; fileRef = 92D15F9D26061214006A1A0A /* EventListPresenter.swift */; };
		92D15FA52606124E006A1A0A /* EventListRouter.swift in Sources */ = {isa = PBXBuildFile; fileRef = 92D15FA42606124E006A1A0A /* EventListRouter.swift */; };
		92E18FE32606294300E136ED /* BuilderViewController.swift in Sources */ = {isa = PBXBuildFile; fileRef = 92E18FE22606294300E136ED /* BuilderViewController.swift */; };
		92E18FE72606297E00E136ED /* EventListBuilder.swift in Sources */ = {isa = PBXBuildFile; fileRef = 92E18FE62606297E00E136ED /* EventListBuilder.swift */; };
		92E18FED2606318C00E136ED /* SectionHeaderReusableView.xib in Resources */ = {isa = PBXBuildFile; fileRef = 92E18FEC2606318C00E136ED /* SectionHeaderReusableView.xib */; };
		92E18FF0260631E000E136ED /* SectionHeaderReusableView.swift in Sources */ = {isa = PBXBuildFile; fileRef = 92E18FEF260631E000E136ED /* SectionHeaderReusableView.swift */; };
		92E18FFB260644D600E136ED /* EventMapViewController.swift in Sources */ = {isa = PBXBuildFile; fileRef = 92E18FFA260644D600E136ED /* EventMapViewController.swift */; };
		92E1900026064D9900E136ED /* NetworkLayer.swift in Sources */ = {isa = PBXBuildFile; fileRef = 92E18FFF26064D9900E136ED /* NetworkLayer.swift */; };
		92E1900426064DD700E136ED /* Event.swift in Sources */ = {isa = PBXBuildFile; fileRef = 92E1900326064DD700E136ED /* Event.swift */; };
/* End PBXBuildFile section */

/* Begin PBXFileReference section */
		59A6E26C08F5D019575FC5D3 /* Pods_Connect.framework */ = {isa = PBXFileReference; explicitFileType = wrapper.framework; includeInIndex = 0; path = Pods_Connect.framework; sourceTree = BUILT_PRODUCTS_DIR; };
		83C4FD2E5AA7C11E61E24C9C /* Pods-Connect.debug.xcconfig */ = {isa = PBXFileReference; includeInIndex = 1; lastKnownFileType = text.xcconfig; name = "Pods-Connect.debug.xcconfig"; path = "Target Support Files/Pods-Connect/Pods-Connect.debug.xcconfig"; sourceTree = "<group>"; };
		9253D52A260655100076491E /* LocationLayer.swift */ = {isa = PBXFileReference; lastKnownFileType = sourcecode.swift; path = LocationLayer.swift; sourceTree = "<group>"; };
		9253D52D2606690C0076491E /* EventRequest.swift */ = {isa = PBXFileReference; lastKnownFileType = sourcecode.swift; path = EventRequest.swift; sourceTree = "<group>"; };
		9253D53A260672A60076491E /* Date.swift */ = {isa = PBXFileReference; lastKnownFileType = sourcecode.swift; path = Date.swift; sourceTree = "<group>"; };
		92AE6FA92606158A003677E2 /* SectionLayout.swift */ = {isa = PBXFileReference; lastKnownFileType = sourcecode.swift; path = SectionLayout.swift; sourceTree = "<group>"; };
		92AE6FAF26061A67003677E2 /* UpcomingEventCell.xib */ = {isa = PBXFileReference; lastKnownFileType = file.xib; path = UpcomingEventCell.xib; sourceTree = "<group>"; };
		92AE6FB426061BA7003677E2 /* NearbyEventCell.xib */ = {isa = PBXFileReference; lastKnownFileType = file.xib; path = NearbyEventCell.xib; sourceTree = "<group>"; };
		92AE6FB826061D6B003677E2 /* EventCell.swift */ = {isa = PBXFileReference; lastKnownFileType = sourcecode.swift; path = EventCell.swift; sourceTree = "<group>"; };
		92D15F7326060C6C006A1A0A /* Connect.app */ = {isa = PBXFileReference; explicitFileType = wrapper.application; includeInIndex = 0; path = Connect.app; sourceTree = BUILT_PRODUCTS_DIR; };
		92D15F7626060C6C006A1A0A /* AppDelegate.swift */ = {isa = PBXFileReference; lastKnownFileType = sourcecode.swift; path = AppDelegate.swift; sourceTree = "<group>"; };
		92D15F7826060C6C006A1A0A /* SceneDelegate.swift */ = {isa = PBXFileReference; lastKnownFileType = sourcecode.swift; path = SceneDelegate.swift; sourceTree = "<group>"; };
		92D15F7A26060C6C006A1A0A /* ViewController.swift */ = {isa = PBXFileReference; lastKnownFileType = sourcecode.swift; path = ViewController.swift; sourceTree = "<group>"; };
		92D15F7D26060C6C006A1A0A /* Base */ = {isa = PBXFileReference; lastKnownFileType = file.storyboard; name = Base; path = Base.lproj/Main.storyboard; sourceTree = "<group>"; };
		92D15F7F26060C70006A1A0A /* Assets.xcassets */ = {isa = PBXFileReference; lastKnownFileType = folder.assetcatalog; path = Assets.xcassets; sourceTree = "<group>"; };
		92D15F8226060C70006A1A0A /* Base */ = {isa = PBXFileReference; lastKnownFileType = file.storyboard; name = Base; path = Base.lproj/LaunchScreen.storyboard; sourceTree = "<group>"; };
		92D15F8426060C70006A1A0A /* Info.plist */ = {isa = PBXFileReference; lastKnownFileType = text.plist.xml; path = Info.plist; sourceTree = "<group>"; };
		92D15F97260611CD006A1A0A /* EventListCollectionViewController.swift */ = {isa = PBXFileReference; lastKnownFileType = sourcecode.swift; path = EventListCollectionViewController.swift; sourceTree = "<group>"; };
		92D15F9D26061214006A1A0A /* EventListPresenter.swift */ = {isa = PBXFileReference; lastKnownFileType = sourcecode.swift; path = EventListPresenter.swift; sourceTree = "<group>"; };
		92D15FA42606124E006A1A0A /* EventListRouter.swift */ = {isa = PBXFileReference; lastKnownFileType = sourcecode.swift; path = EventListRouter.swift; sourceTree = "<group>"; };
		92E18FE22606294300E136ED /* BuilderViewController.swift */ = {isa = PBXFileReference; lastKnownFileType = sourcecode.swift; path = BuilderViewController.swift; sourceTree = "<group>"; };
		92E18FE62606297E00E136ED /* EventListBuilder.swift */ = {isa = PBXFileReference; lastKnownFileType = sourcecode.swift; path = EventListBuilder.swift; sourceTree = "<group>"; };
		92E18FEC2606318C00E136ED /* SectionHeaderReusableView.xib */ = {isa = PBXFileReference; lastKnownFileType = file.xib; path = SectionHeaderReusableView.xib; sourceTree = "<group>"; };
		92E18FEF260631E000E136ED /* SectionHeaderReusableView.swift */ = {isa = PBXFileReference; lastKnownFileType = sourcecode.swift; path = SectionHeaderReusableView.swift; sourceTree = "<group>"; };
		92E18FFA260644D600E136ED /* EventMapViewController.swift */ = {isa = PBXFileReference; lastKnownFileType = sourcecode.swift; path = EventMapViewController.swift; sourceTree = "<group>"; };
		92E18FFF26064D9900E136ED /* NetworkLayer.swift */ = {isa = PBXFileReference; lastKnownFileType = sourcecode.swift; path = NetworkLayer.swift; sourceTree = "<group>"; };
		92E1900326064DD700E136ED /* Event.swift */ = {isa = PBXFileReference; lastKnownFileType = sourcecode.swift; path = Event.swift; sourceTree = "<group>"; };
		FE2A05731665D8B3C722766D /* Pods-Connect.release.xcconfig */ = {isa = PBXFileReference; includeInIndex = 1; lastKnownFileType = text.xcconfig; name = "Pods-Connect.release.xcconfig"; path = "Target Support Files/Pods-Connect/Pods-Connect.release.xcconfig"; sourceTree = "<group>"; };
/* End PBXFileReference section */

/* Begin PBXFrameworksBuildPhase section */
		92D15F7026060C6C006A1A0A /* Frameworks */ = {
			isa = PBXFrameworksBuildPhase;
			buildActionMask = 2147483647;
			files = (
				751BC59470830AE9C6DAB79B /* Pods_Connect.framework in Frameworks */,
			);
			runOnlyForDeploymentPostprocessing = 0;
		};
/* End PBXFrameworksBuildPhase section */

/* Begin PBXGroup section */
		51A0442057118D4D4C8C1BA9 /* Frameworks */ = {
			isa = PBXGroup;
			children = (
				59A6E26C08F5D019575FC5D3 /* Pods_Connect.framework */,
			);
			name = Frameworks;
			sourceTree = "<group>";
		};
		744C11AB6D27B29304A84EFE /* Pods */ = {
			isa = PBXGroup;
			children = (
				83C4FD2E5AA7C11E61E24C9C /* Pods-Connect.debug.xcconfig */,
				FE2A05731665D8B3C722766D /* Pods-Connect.release.xcconfig */,
			);
			path = Pods;
			sourceTree = "<group>";
		};
		9253D5392606729D0076491E /* Extension */ = {
			isa = PBXGroup;
			children = (
				9253D53A260672A60076491E /* Date.swift */,
			);
			path = Extension;
			sourceTree = "<group>";
		};
		92AE6FA826061572003677E2 /* Helper */ = {
			isa = PBXGroup;
			children = (
				92AE6FA92606158A003677E2 /* SectionLayout.swift */,
			);
			path = Helper;
			sourceTree = "<group>";
		};
		92AE6FAC26061A41003677E2 /* Cells */ = {
			isa = PBXGroup;
			children = (
				92AE6FC92606230C003677E2 /* EventCellModule */,
			);
			path = Cells;
			sourceTree = "<group>";
		};
		92AE6FB326061B99003677E2 /* View */ = {
			isa = PBXGroup;
			children = (
				92AE6FB426061BA7003677E2 /* NearbyEventCell.xib */,
				92AE6FAF26061A67003677E2 /* UpcomingEventCell.xib */,
				92AE6FB826061D6B003677E2 /* EventCell.swift */,
			);
			path = View;
			sourceTree = "<group>";
		};
		92AE6FC92606230C003677E2 /* EventCellModule */ = {
			isa = PBXGroup;
			children = (
				92AE6FB326061B99003677E2 /* View */,
			);
			path = EventCellModule;
			sourceTree = "<group>";
		};
		92D15F6A26060C6C006A1A0A = {
			isa = PBXGroup;
			children = (
				92D15F7526060C6C006A1A0A /* Connect */,
				92D15F7426060C6C006A1A0A /* Products */,
				744C11AB6D27B29304A84EFE /* Pods */,
				51A0442057118D4D4C8C1BA9 /* Frameworks */,
			);
			sourceTree = "<group>";
		};
		92D15F7426060C6C006A1A0A /* Products */ = {
			isa = PBXGroup;
			children = (
				92D15F7326060C6C006A1A0A /* Connect.app */,
			);
			name = Products;
			sourceTree = "<group>";
		};
		92D15F7526060C6C006A1A0A /* Connect */ = {
			isa = PBXGroup;
			children = (
				92E18FFD26064D8A00E136ED /* Common */,
				92D15F94260611AF006A1A0A /* Modules */,
				92D15F7626060C6C006A1A0A /* AppDelegate.swift */,
				92D15F7826060C6C006A1A0A /* SceneDelegate.swift */,
				92D15F7A26060C6C006A1A0A /* ViewController.swift */,
				92D15F7C26060C6C006A1A0A /* Main.storyboard */,
				92D15F7F26060C70006A1A0A /* Assets.xcassets */,
				92D15F8126060C70006A1A0A /* LaunchScreen.storyboard */,
				92D15F8426060C70006A1A0A /* Info.plist */,
			);
			path = Connect;
			sourceTree = "<group>";
		};
		92D15F94260611AF006A1A0A /* Modules */ = {
			isa = PBXGroup;
			children = (
				92E18FF82606449D00E136ED /* EventMapModule */,
				92E18FDF2606282D00E136ED /* Models */,
				92E18FE12606293500E136ED /* BuilderModule */,
				92D15F95260611B5006A1A0A /* EventListModule */,
			);
			path = Modules;
			sourceTree = "<group>";
		};
		92D15F95260611B5006A1A0A /* EventListModule */ = {
			isa = PBXGroup;
			children = (
				92E18FEB2606316F00E136ED /* ReusableView */,
				92E18FE52606297600E136ED /* Builder */,
				92AE6FAC26061A41003677E2 /* Cells */,
				92AE6FA826061572003677E2 /* Helper */,
				92D15F9C2606120A006A1A0A /* Router */,
				92D15F9B26061205006A1A0A /* Presenter */,
				92D15F96260611BC006A1A0A /* View */,
			);
			path = EventListModule;
			sourceTree = "<group>";
		};
		92D15F96260611BC006A1A0A /* View */ = {
			isa = PBXGroup;
			children = (
				92D15F97260611CD006A1A0A /* EventListCollectionViewController.swift */,
			);
			path = View;
			sourceTree = "<group>";
		};
		92D15F9B26061205006A1A0A /* Presenter */ = {
			isa = PBXGroup;
			children = (
				92D15F9D26061214006A1A0A /* EventListPresenter.swift */,
			);
			path = Presenter;
			sourceTree = "<group>";
		};
		92D15F9C2606120A006A1A0A /* Router */ = {
			isa = PBXGroup;
			children = (
				92D15FA42606124E006A1A0A /* EventListRouter.swift */,
			);
			path = Router;
			sourceTree = "<group>";
		};
		92E18FDF2606282D00E136ED /* Models */ = {
			isa = PBXGroup;
			children = (
				92E1900326064DD700E136ED /* Event.swift */,
				9253D52D2606690C0076491E /* EventRequest.swift */,
			);
			path = Models;
			sourceTree = "<group>";
		};
		92E18FE12606293500E136ED /* BuilderModule */ = {
			isa = PBXGroup;
			children = (
				92E18FE22606294300E136ED /* BuilderViewController.swift */,
			);
			path = BuilderModule;
			sourceTree = "<group>";
		};
		92E18FE52606297600E136ED /* Builder */ = {
			isa = PBXGroup;
			children = (
				92E18FE62606297E00E136ED /* EventListBuilder.swift */,
			);
			path = Builder;
			sourceTree = "<group>";
		};
		92E18FEB2606316F00E136ED /* ReusableView */ = {
			isa = PBXGroup;
			children = (
				92E18FEC2606318C00E136ED /* SectionHeaderReusableView.xib */,
				92E18FEF260631E000E136ED /* SectionHeaderReusableView.swift */,
			);
			path = ReusableView;
			sourceTree = "<group>";
		};
		92E18FF82606449D00E136ED /* EventMapModule */ = {
			isa = PBXGroup;
			children = (
				92E18FF9260644CB00E136ED /* View */,
			);
			path = EventMapModule;
			sourceTree = "<group>";
		};
		92E18FF9260644CB00E136ED /* View */ = {
			isa = PBXGroup;
			children = (
				92E18FFA260644D600E136ED /* EventMapViewController.swift */,
			);
			path = View;
			sourceTree = "<group>";
		};
		92E18FFD26064D8A00E136ED /* Common */ = {
			isa = PBXGroup;
			children = (
				9253D5392606729D0076491E /* Extension */,
				92E18FFE26064D8F00E136ED /* Services */,
			);
			path = Common;
			sourceTree = "<group>";
		};
		92E18FFE26064D8F00E136ED /* Services */ = {
			isa = PBXGroup;
			children = (
				92E18FFF26064D9900E136ED /* NetworkLayer.swift */,
				9253D52A260655100076491E /* LocationLayer.swift */,
			);
			path = Services;
			sourceTree = "<group>";
		};
/* End PBXGroup section */

/* Begin PBXNativeTarget section */
		92D15F7226060C6C006A1A0A /* Connect */ = {
			isa = PBXNativeTarget;
			buildConfigurationList = 92D15F8726060C70006A1A0A /* Build configuration list for PBXNativeTarget "Connect" */;
			buildPhases = (
				A0F515029DFC0A0CE90066B4 /* [CP] Check Pods Manifest.lock */,
				92D15F6F26060C6C006A1A0A /* Sources */,
				92D15F7026060C6C006A1A0A /* Frameworks */,
				92D15F7126060C6C006A1A0A /* Resources */,
				0BFA3C72AD35A264CDCCAF74 /* [CP] Embed Pods Frameworks */,
			);
			buildRules = (
			);
			dependencies = (
			);
			name = Connect;
			productName = Connect;
			productReference = 92D15F7326060C6C006A1A0A /* Connect.app */;
			productType = "com.apple.product-type.application";
		};
/* End PBXNativeTarget section */

/* Begin PBXProject section */
		92D15F6B26060C6C006A1A0A /* Project object */ = {
			isa = PBXProject;
			attributes = {
				LastSwiftUpdateCheck = 1210;
				LastUpgradeCheck = 1210;
				TargetAttributes = {
					92D15F7226060C6C006A1A0A = {
						CreatedOnToolsVersion = 12.1;
					};
				};
			};
			buildConfigurationList = 92D15F6E26060C6C006A1A0A /* Build configuration list for PBXProject "Connect" */;
			compatibilityVersion = "Xcode 9.3";
			developmentRegion = en;
			hasScannedForEncodings = 0;
			knownRegions = (
				en,
				Base,
			);
			mainGroup = 92D15F6A26060C6C006A1A0A;
			productRefGroup = 92D15F7426060C6C006A1A0A /* Products */;
			projectDirPath = "";
			projectRoot = "";
			targets = (
				92D15F7226060C6C006A1A0A /* Connect */,
			);
		};
/* End PBXProject section */

/* Begin PBXResourcesBuildPhase section */
		92D15F7126060C6C006A1A0A /* Resources */ = {
			isa = PBXResourcesBuildPhase;
			buildActionMask = 2147483647;
			files = (
				92D15F8326060C70006A1A0A /* LaunchScreen.storyboard in Resources */,
				92D15F8026060C70006A1A0A /* Assets.xcassets in Resources */,
				92E18FED2606318C00E136ED /* SectionHeaderReusableView.xib in Resources */,
				92D15F7E26060C6C006A1A0A /* Main.storyboard in Resources */,
				92AE6FB526061BA7003677E2 /* NearbyEventCell.xib in Resources */,
				92AE6FB026061A67003677E2 /* UpcomingEventCell.xib in Resources */,
			);
			runOnlyForDeploymentPostprocessing = 0;
		};
/* End PBXResourcesBuildPhase section */

/* Begin PBXShellScriptBuildPhase section */
		0BFA3C72AD35A264CDCCAF74 /* [CP] Embed Pods Frameworks */ = {
			isa = PBXShellScriptBuildPhase;
			buildActionMask = 2147483647;
			files = (
			);
			inputFileListPaths = (
				"${PODS_ROOT}/Target Support Files/Pods-Connect/Pods-Connect-frameworks-${CONFIGURATION}-input-files.xcfilelist",
			);
			name = "[CP] Embed Pods Frameworks";
			outputFileListPaths = (
				"${PODS_ROOT}/Target Support Files/Pods-Connect/Pods-Connect-frameworks-${CONFIGURATION}-output-files.xcfilelist",
			);
			runOnlyForDeploymentPostprocessing = 0;
			shellPath = /bin/sh;
			shellScript = "\"${PODS_ROOT}/Target Support Files/Pods-Connect/Pods-Connect-frameworks.sh\"\n";
			showEnvVarsInLog = 0;
		};
		A0F515029DFC0A0CE90066B4 /* [CP] Check Pods Manifest.lock */ = {
			isa = PBXShellScriptBuildPhase;
			buildActionMask = 2147483647;
			files = (
			);
			inputFileListPaths = (
			);
			inputPaths = (
				"${PODS_PODFILE_DIR_PATH}/Podfile.lock",
				"${PODS_ROOT}/Manifest.lock",
			);
			name = "[CP] Check Pods Manifest.lock";
			outputFileListPaths = (
			);
			outputPaths = (
				"$(DERIVED_FILE_DIR)/Pods-Connect-checkManifestLockResult.txt",
			);
			runOnlyForDeploymentPostprocessing = 0;
			shellPath = /bin/sh;
			shellScript = "diff \"${PODS_PODFILE_DIR_PATH}/Podfile.lock\" \"${PODS_ROOT}/Manifest.lock\" > /dev/null\nif [ $? != 0 ] ; then\n    # print error to STDERR\n    echo \"error: The sandbox is not in sync with the Podfile.lock. Run 'pod install' or update your CocoaPods installation.\" >&2\n    exit 1\nfi\n# This output is used by Xcode 'outputs' to avoid re-running this script phase.\necho \"SUCCESS\" > \"${SCRIPT_OUTPUT_FILE_0}\"\n";
			showEnvVarsInLog = 0;
		};
/* End PBXShellScriptBuildPhase section */

/* Begin PBXSourcesBuildPhase section */
		92D15F6F26060C6C006A1A0A /* Sources */ = {
			isa = PBXSourcesBuildPhase;
			buildActionMask = 2147483647;
			files = (
				92D15F7B26060C6C006A1A0A /* ViewController.swift in Sources */,
				92AE6FAA2606158A003677E2 /* SectionLayout.swift in Sources */,
				92E1900026064D9900E136ED /* NetworkLayer.swift in Sources */,
				9253D52E2606690C0076491E /* EventRequest.swift in Sources */,
				92D15FA52606124E006A1A0A /* EventListRouter.swift in Sources */,
				92E18FE32606294300E136ED /* BuilderViewController.swift in Sources */,
				9253D53B260672A60076491E /* Date.swift in Sources */,
				92E18FF0260631E000E136ED /* SectionHeaderReusableView.swift in Sources */,
				92D15F7726060C6C006A1A0A /* AppDelegate.swift in Sources */,
				92E1900426064DD700E136ED /* Event.swift in Sources */,
				92E18FE72606297E00E136ED /* EventListBuilder.swift in Sources */,
				92E18FFB260644D600E136ED /* EventMapViewController.swift in Sources */,
				9253D52B260655100076491E /* LocationLayer.swift in Sources */,
				92D15F9E26061214006A1A0A /* EventListPresenter.swift in Sources */,
				92D15F7926060C6C006A1A0A /* SceneDelegate.swift in Sources */,
				92AE6FB926061D6B003677E2 /* EventCell.swift in Sources */,
				92D15F98260611CD006A1A0A /* EventListCollectionViewController.swift in Sources */,
			);
			runOnlyForDeploymentPostprocessing = 0;
		};
/* End PBXSourcesBuildPhase section */

/* Begin PBXVariantGroup section */
		92D15F7C26060C6C006A1A0A /* Main.storyboard */ = {
			isa = PBXVariantGroup;
			children = (
				92D15F7D26060C6C006A1A0A /* Base */,
			);
			name = Main.storyboard;
			sourceTree = "<group>";
		};
		92D15F8126060C70006A1A0A /* LaunchScreen.storyboard */ = {
			isa = PBXVariantGroup;
			children = (
				92D15F8226060C70006A1A0A /* Base */,
			);
			name = LaunchScreen.storyboard;
			sourceTree = "<group>";
		};
/* End PBXVariantGroup section */

/* Begin XCBuildConfiguration section */
		92D15F8526060C70006A1A0A /* Debug */ = {
			isa = XCBuildConfiguration;
			buildSettings = {
				ALWAYS_SEARCH_USER_PATHS = NO;
				CLANG_ANALYZER_NONNULL = YES;
				CLANG_ANALYZER_NUMBER_OBJECT_CONVERSION = YES_AGGRESSIVE;
				CLANG_CXX_LANGUAGE_STANDARD = "gnu++14";
				CLANG_CXX_LIBRARY = "libc++";
				CLANG_ENABLE_MODULES = YES;
				CLANG_ENABLE_OBJC_ARC = YES;
				CLANG_ENABLE_OBJC_WEAK = YES;
				CLANG_WARN_BLOCK_CAPTURE_AUTORELEASING = YES;
				CLANG_WARN_BOOL_CONVERSION = YES;
				CLANG_WARN_COMMA = YES;
				CLANG_WARN_CONSTANT_CONVERSION = YES;
				CLANG_WARN_DEPRECATED_OBJC_IMPLEMENTATIONS = YES;
				CLANG_WARN_DIRECT_OBJC_ISA_USAGE = YES_ERROR;
				CLANG_WARN_DOCUMENTATION_COMMENTS = YES;
				CLANG_WARN_EMPTY_BODY = YES;
				CLANG_WARN_ENUM_CONVERSION = YES;
				CLANG_WARN_INFINITE_RECURSION = YES;
				CLANG_WARN_INT_CONVERSION = YES;
				CLANG_WARN_NON_LITERAL_NULL_CONVERSION = YES;
				CLANG_WARN_OBJC_IMPLICIT_RETAIN_SELF = YES;
				CLANG_WARN_OBJC_LITERAL_CONVERSION = YES;
				CLANG_WARN_OBJC_ROOT_CLASS = YES_ERROR;
				CLANG_WARN_QUOTED_INCLUDE_IN_FRAMEWORK_HEADER = YES;
				CLANG_WARN_RANGE_LOOP_ANALYSIS = YES;
				CLANG_WARN_STRICT_PROTOTYPES = YES;
				CLANG_WARN_SUSPICIOUS_MOVE = YES;
				CLANG_WARN_UNGUARDED_AVAILABILITY = YES_AGGRESSIVE;
				CLANG_WARN_UNREACHABLE_CODE = YES;
				CLANG_WARN__DUPLICATE_METHOD_MATCH = YES;
				COPY_PHASE_STRIP = NO;
				DEBUG_INFORMATION_FORMAT = dwarf;
				ENABLE_STRICT_OBJC_MSGSEND = YES;
				ENABLE_TESTABILITY = YES;
				GCC_C_LANGUAGE_STANDARD = gnu11;
				GCC_DYNAMIC_NO_PIC = NO;
				GCC_NO_COMMON_BLOCKS = YES;
				GCC_OPTIMIZATION_LEVEL = 0;
				GCC_PREPROCESSOR_DEFINITIONS = (
					"DEBUG=1",
					"$(inherited)",
				);
				GCC_WARN_64_TO_32_BIT_CONVERSION = YES;
				GCC_WARN_ABOUT_RETURN_TYPE = YES_ERROR;
				GCC_WARN_UNDECLARED_SELECTOR = YES;
				GCC_WARN_UNINITIALIZED_AUTOS = YES_AGGRESSIVE;
				GCC_WARN_UNUSED_FUNCTION = YES;
				GCC_WARN_UNUSED_VARIABLE = YES;
				IPHONEOS_DEPLOYMENT_TARGET = 14.1;
				MTL_ENABLE_DEBUG_INFO = INCLUDE_SOURCE;
				MTL_FAST_MATH = YES;
				ONLY_ACTIVE_ARCH = YES;
				SDKROOT = iphoneos;
				SWIFT_ACTIVE_COMPILATION_CONDITIONS = DEBUG;
				SWIFT_OPTIMIZATION_LEVEL = "-Onone";
			};
			name = Debug;
		};
		92D15F8626060C70006A1A0A /* Release */ = {
			isa = XCBuildConfiguration;
			buildSettings = {
				ALWAYS_SEARCH_USER_PATHS = NO;
				CLANG_ANALYZER_NONNULL = YES;
				CLANG_ANALYZER_NUMBER_OBJECT_CONVERSION = YES_AGGRESSIVE;
				CLANG_CXX_LANGUAGE_STANDARD = "gnu++14";
				CLANG_CXX_LIBRARY = "libc++";
				CLANG_ENABLE_MODULES = YES;
				CLANG_ENABLE_OBJC_ARC = YES;
				CLANG_ENABLE_OBJC_WEAK = YES;
				CLANG_WARN_BLOCK_CAPTURE_AUTORELEASING = YES;
				CLANG_WARN_BOOL_CONVERSION = YES;
				CLANG_WARN_COMMA = YES;
				CLANG_WARN_CONSTANT_CONVERSION = YES;
				CLANG_WARN_DEPRECATED_OBJC_IMPLEMENTATIONS = YES;
				CLANG_WARN_DIRECT_OBJC_ISA_USAGE = YES_ERROR;
				CLANG_WARN_DOCUMENTATION_COMMENTS = YES;
				CLANG_WARN_EMPTY_BODY = YES;
				CLANG_WARN_ENUM_CONVERSION = YES;
				CLANG_WARN_INFINITE_RECURSION = YES;
				CLANG_WARN_INT_CONVERSION = YES;
				CLANG_WARN_NON_LITERAL_NULL_CONVERSION = YES;
				CLANG_WARN_OBJC_IMPLICIT_RETAIN_SELF = YES;
				CLANG_WARN_OBJC_LITERAL_CONVERSION = YES;
				CLANG_WARN_OBJC_ROOT_CLASS = YES_ERROR;
				CLANG_WARN_QUOTED_INCLUDE_IN_FRAMEWORK_HEADER = YES;
				CLANG_WARN_RANGE_LOOP_ANALYSIS = YES;
				CLANG_WARN_STRICT_PROTOTYPES = YES;
				CLANG_WARN_SUSPICIOUS_MOVE = YES;
				CLANG_WARN_UNGUARDED_AVAILABILITY = YES_AGGRESSIVE;
				CLANG_WARN_UNREACHABLE_CODE = YES;
				CLANG_WARN__DUPLICATE_METHOD_MATCH = YES;
				COPY_PHASE_STRIP = NO;
				DEBUG_INFORMATION_FORMAT = "dwarf-with-dsym";
				ENABLE_NS_ASSERTIONS = NO;
				ENABLE_STRICT_OBJC_MSGSEND = YES;
				GCC_C_LANGUAGE_STANDARD = gnu11;
				GCC_NO_COMMON_BLOCKS = YES;
				GCC_WARN_64_TO_32_BIT_CONVERSION = YES;
				GCC_WARN_ABOUT_RETURN_TYPE = YES_ERROR;
				GCC_WARN_UNDECLARED_SELECTOR = YES;
				GCC_WARN_UNINITIALIZED_AUTOS = YES_AGGRESSIVE;
				GCC_WARN_UNUSED_FUNCTION = YES;
				GCC_WARN_UNUSED_VARIABLE = YES;
				IPHONEOS_DEPLOYMENT_TARGET = 14.1;
				MTL_ENABLE_DEBUG_INFO = NO;
				MTL_FAST_MATH = YES;
				SDKROOT = iphoneos;
				SWIFT_COMPILATION_MODE = wholemodule;
				SWIFT_OPTIMIZATION_LEVEL = "-O";
				VALIDATE_PRODUCT = YES;
			};
			name = Release;
		};
		92D15F8826060C70006A1A0A /* Debug */ = {
			isa = XCBuildConfiguration;
			baseConfigurationReference = 83C4FD2E5AA7C11E61E24C9C /* Pods-Connect.debug.xcconfig */;
			buildSettings = {
				ASSETCATALOG_COMPILER_APPICON_NAME = AppIcon;
				ASSETCATALOG_COMPILER_GLOBAL_ACCENT_COLOR_NAME = AccentColor;
				CODE_SIGN_STYLE = Automatic;
				DEVELOPMENT_TEAM = H72YUS24CN;
				INFOPLIST_FILE = Connect/Info.plist;
				IPHONEOS_DEPLOYMENT_TARGET = 13.0;
				LD_RUNPATH_SEARCH_PATHS = (
					"$(inherited)",
					"@executable_path/Frameworks",
				);
				PRODUCT_BUNDLE_IDENTIFIER = hackathon.Connect;
				PRODUCT_NAME = "$(TARGET_NAME)";
				SWIFT_VERSION = 5.0;
				TARGETED_DEVICE_FAMILY = 1;
			};
			name = Debug;
		};
		92D15F8926060C70006A1A0A /* Release */ = {
			isa = XCBuildConfiguration;
			baseConfigurationReference = FE2A05731665D8B3C722766D /* Pods-Connect.release.xcconfig */;
			buildSettings = {
				ASSETCATALOG_COMPILER_APPICON_NAME = AppIcon;
				ASSETCATALOG_COMPILER_GLOBAL_ACCENT_COLOR_NAME = AccentColor;
				CODE_SIGN_STYLE = Automatic;
				DEVELOPMENT_TEAM = H72YUS24CN;
				INFOPLIST_FILE = Connect/Info.plist;
				IPHONEOS_DEPLOYMENT_TARGET = 13.0;
				LD_RUNPATH_SEARCH_PATHS = (
					"$(inherited)",
					"@executable_path/Frameworks",
				);
				PRODUCT_BUNDLE_IDENTIFIER = hackathon.Connect;
				PRODUCT_NAME = "$(TARGET_NAME)";
				SWIFT_VERSION = 5.0;
				TARGETED_DEVICE_FAMILY = 1;
			};
			name = Release;
		};
/* End XCBuildConfiguration section */

/* Begin XCConfigurationList section */
		92D15F6E26060C6C006A1A0A /* Build configuration list for PBXProject "Connect" */ = {
			isa = XCConfigurationList;
			buildConfigurations = (
				92D15F8526060C70006A1A0A /* Debug */,
				92D15F8626060C70006A1A0A /* Release */,
			);
			defaultConfigurationIsVisible = 0;
			defaultConfigurationName = Release;
		};
		92D15F8726060C70006A1A0A /* Build configuration list for PBXNativeTarget "Connect" */ = {
			isa = XCConfigurationList;
			buildConfigurations = (
				92D15F8826060C70006A1A0A /* Debug */,
				92D15F8926060C70006A1A0A /* Release */,
			);
			defaultConfigurationIsVisible = 0;
			defaultConfigurationName = Release;
		};
/* End XCConfigurationList section */
	};
	rootObject = 92D15F6B26060C6C006A1A0A /* Project object */;
}
